// !$*UTF8*$!
{
	archiveVersion = 1;
	classes = {
	};
	objectVersion = 55;
	objects = {

/* Begin PBXBuildFile section */
		C08D3F9F274729EB00D189D3 /* Basic_ExampleApp.swift in Sources */ = {isa = PBXBuildFile; fileRef = C08D3F8F274729E900D189D3 /* Basic_ExampleApp.swift */; };
		C08D3FA0274729EB00D189D3 /* Basic_ExampleApp.swift in Sources */ = {isa = PBXBuildFile; fileRef = C08D3F8F274729E900D189D3 /* Basic_ExampleApp.swift */; };
		C08D3FA1274729EB00D189D3 /* ContentView.swift in Sources */ = {isa = PBXBuildFile; fileRef = C08D3F90274729E900D189D3 /* ContentView.swift */; };
		C08D3FA2274729EB00D189D3 /* ContentView.swift in Sources */ = {isa = PBXBuildFile; fileRef = C08D3F90274729E900D189D3 /* ContentView.swift */; };
		C08D3FA3274729EB00D189D3 /* Assets.xcassets in Resources */ = {isa = PBXBuildFile; fileRef = C08D3F91274729EB00D189D3 /* Assets.xcassets */; };
		C08D3FA4274729EB00D189D3 /* Assets.xcassets in Resources */ = {isa = PBXBuildFile; fileRef = C08D3F91274729EB00D189D3 /* Assets.xcassets */; };
		C08D3FB22747388200D189D3 /* rockslide in Frameworks */ = {isa = PBXBuildFile; productRef = C08D3FB12747388200D189D3 /* rockslide */; };
/* End PBXBuildFile section */

/* Begin PBXFileReference section */
		C08D3F8F274729E900D189D3 /* Basic_ExampleApp.swift */ = {isa = PBXFileReference; lastKnownFileType = sourcecode.swift; path = Basic_ExampleApp.swift; sourceTree = "<group>"; };
		C08D3F90274729E900D189D3 /* ContentView.swift */ = {isa = PBXFileReference; lastKnownFileType = sourcecode.swift; path = ContentView.swift; sourceTree = "<group>"; };
		C08D3F91274729EB00D189D3 /* Assets.xcassets */ = {isa = PBXFileReference; lastKnownFileType = folder.assetcatalog; path = Assets.xcassets; sourceTree = "<group>"; };
		C08D3F96274729EB00D189D3 /* Basic Example.app */ = {isa = PBXFileReference; explicitFileType = wrapper.application; includeInIndex = 0; path = "Basic Example.app"; sourceTree = BUILT_PRODUCTS_DIR; };
		C08D3F9C274729EB00D189D3 /* Basic Example.app */ = {isa = PBXFileReference; explicitFileType = wrapper.application; includeInIndex = 0; path = "Basic Example.app"; sourceTree = BUILT_PRODUCTS_DIR; };
		C08D3F9E274729EB00D189D3 /* macOS.entitlements */ = {isa = PBXFileReference; lastKnownFileType = text.plist.entitlements; path = macOS.entitlements; sourceTree = "<group>"; };
/* End PBXFileReference section */

/* Begin PBXFrameworksBuildPhase section */
		C08D3F93274729EB00D189D3 /* Frameworks */ = {
			isa = PBXFrameworksBuildPhase;
			buildActionMask = 2147483647;
			files = (
				C08D3FB22747388200D189D3 /* rockslide in Frameworks */,
			);
			runOnlyForDeploymentPostprocessing = 0;
		};
		C08D3F99274729EB00D189D3 /* Frameworks */ = {
			isa = PBXFrameworksBuildPhase;
			buildActionMask = 2147483647;
			files = (
			);
			runOnlyForDeploymentPostprocessing = 0;
		};
/* End PBXFrameworksBuildPhase section */

/* Begin PBXGroup section */
		C08D3F89274729E900D189D3 = {
			isa = PBXGroup;
			children = (
				C08D3F8E274729E900D189D3 /* Shared */,
				C08D3F9D274729EB00D189D3 /* macOS */,
				C08D3F97274729EB00D189D3 /* Products */,
			);
			sourceTree = "<group>";
		};
		C08D3F8E274729E900D189D3 /* Shared */ = {
			isa = PBXGroup;
			children = (
				C08D3F8F274729E900D189D3 /* Basic_ExampleApp.swift */,
				C08D3F90274729E900D189D3 /* ContentView.swift */,
				C08D3F91274729EB00D189D3 /* Assets.xcassets */,
			);
			path = Shared;
			sourceTree = "<group>";
		};
		C08D3F97274729EB00D189D3 /* Products */ = {
			isa = PBXGroup;
			children = (
				C08D3F96274729EB00D189D3 /* Basic Example.app */,
				C08D3F9C274729EB00D189D3 /* Basic Example.app */,
			);
			name = Products;
			sourceTree = "<group>";
		};
		C08D3F9D274729EB00D189D3 /* macOS */ = {
			isa = PBXGroup;
			children = (
				C08D3F9E274729EB00D189D3 /* macOS.entitlements */,
			);
			path = macOS;
			sourceTree = "<group>";
		};
/* End PBXGroup section */

/* Begin PBXNativeTarget section */
		C08D3F95274729EB00D189D3 /* Basic Example (iOS) */ = {
			isa = PBXNativeTarget;
			buildConfigurationList = C08D3FA7274729EB00D189D3 /* Build configuration list for PBXNativeTarget "Basic Example (iOS)" */;
			buildPhases = (
				C08D3F92274729EB00D189D3 /* Sources */,
				C08D3F93274729EB00D189D3 /* Frameworks */,
				C08D3F94274729EB00D189D3 /* Resources */,
			);
			buildRules = (
			);
			dependencies = (
			);
			name = "Basic Example (iOS)";
			packageProductDependencies = (
				C08D3FB12747388200D189D3 /* rockslide */,
			);
			productName = "Basic Example (iOS)";
			productReference = C08D3F96274729EB00D189D3 /* Basic Example.app */;
			productType = "com.apple.product-type.application";
		};
		C08D3F9B274729EB00D189D3 /* Basic Example (macOS) */ = {
			isa = PBXNativeTarget;
			buildConfigurationList = C08D3FAA274729EB00D189D3 /* Build configuration list for PBXNativeTarget "Basic Example (macOS)" */;
			buildPhases = (
				C08D3F98274729EB00D189D3 /* Sources */,
				C08D3F99274729EB00D189D3 /* Frameworks */,
				C08D3F9A274729EB00D189D3 /* Resources */,
			);
			buildRules = (
			);
			dependencies = (
			);
			name = "Basic Example (macOS)";
			productName = "Basic Example (macOS)";
			productReference = C08D3F9C274729EB00D189D3 /* Basic Example.app */;
			productType = "com.apple.product-type.application";
		};
/* End PBXNativeTarget section */

/* Begin PBXProject section */
		C08D3F8A274729E900D189D3 /* Project object */ = {
			isa = PBXProject;
			attributes = {
				BuildIndependentTargetsInParallel = 1;
				LastSwiftUpdateCheck = 1300;
				LastUpgradeCheck = 1300;
				TargetAttributes = {
					C08D3F95274729EB00D189D3 = {
						CreatedOnToolsVersion = 13.0;
					};
					C08D3F9B274729EB00D189D3 = {
						CreatedOnToolsVersion = 13.0;
					};
				};
			};
			buildConfigurationList = C08D3F8D274729E900D189D3 /* Build configuration list for PBXProject "Basic Example" */;
			compatibilityVersion = "Xcode 13.0";
			developmentRegion = en;
			hasScannedForEncodings = 0;
			knownRegions = (
				en,
				Base,
			);
			mainGroup = C08D3F89274729E900D189D3;
			packageReferences = (
				C08D3FB02747388200D189D3 /* XCRemoteSwiftPackageReference "rockslide" */,
			);
			productRefGroup = C08D3F97274729EB00D189D3 /* Products */;
			projectDirPath = "";
			projectRoot = "";
			targets = (
				C08D3F95274729EB00D189D3 /* Basic Example (iOS) */,
				C08D3F9B274729EB00D189D3 /* Basic Example (macOS) */,
			);
		};
/* End PBXProject section */

/* Begin PBXResourcesBuildPhase section */
		C08D3F94274729EB00D189D3 /* Resources */ = {
			isa = PBXResourcesBuildPhase;
			buildActionMask = 2147483647;
			files = (
				C08D3FA3274729EB00D189D3 /* Assets.xcassets in Resources */,
			);
			runOnlyForDeploymentPostprocessing = 0;
		};
		C08D3F9A274729EB00D189D3 /* Resources */ = {
			isa = PBXResourcesBuildPhase;
			buildActionMask = 2147483647;
			files = (
				C08D3FA4274729EB00D189D3 /* Assets.xcassets in Resources */,
			);
			runOnlyForDeploymentPostprocessing = 0;
		};
/* End PBXResourcesBuildPhase section */

/* Begin PBXSourcesBuildPhase section */
		C08D3F92274729EB00D189D3 /* Sources */ = {
			isa = PBXSourcesBuildPhase;
			buildActionMask = 2147483647;
			files = (
				C08D3FA1274729EB00D189D3 /* ContentView.swift in Sources */,
				C08D3F9F274729EB00D189D3 /* Basic_ExampleApp.swift in Sources */,
			);
			runOnlyForDeploymentPostprocessing = 0;
		};
		C08D3F98274729EB00D189D3 /* Sources */ = {
			isa = PBXSourcesBuildPhase;
			buildActionMask = 2147483647;
			files = (
				C08D3FA2274729EB00D189D3 /* ContentView.swift in Sources */,
				C08D3FA0274729EB00D189D3 /* Basic_ExampleApp.swift in Sources */,
			);
			runOnlyForDeploymentPostprocessing = 0;
		};
/* End PBXSourcesBuildPhase section */

/* Begin XCBuildConfiguration section */
		C08D3FA5274729EB00D189D3 /* Debug */ = {
			isa = XCBuildConfiguration;
			buildSettings = {
				ALWAYS_SEARCH_USER_PATHS = NO;
				CLANG_ANALYZER_NONNULL = YES;
				CLANG_ANALYZER_NUMBER_OBJECT_CONVERSION = YES_AGGRESSIVE;
				CLANG_CXX_LANGUAGE_STANDARD = "gnu++17";
				CLANG_CXX_LIBRARY = "libc++";
				CLANG_ENABLE_MODULES = YES;
				CLANG_ENABLE_OBJC_ARC = YES;
				CLANG_ENABLE_OBJC_WEAK = YES;
				CLANG_WARN_BLOCK_CAPTURE_AUTORELEASING = YES;
				CLANG_WARN_BOOL_CONVERSION = YES;
				CLANG_WARN_COMMA = YES;
				CLANG_WARN_CONSTANT_CONVERSION = YES;
				CLANG_WARN_DEPRECATED_OBJC_IMPLEMENTATIONS = YES;
				CLANG_WARN_DIRECT_OBJC_ISA_USAGE = YES_ERROR;
				CLANG_WARN_DOCUMENTATION_COMMENTS = YES;
				CLANG_WARN_EMPTY_BODY = YES;
				CLANG_WARN_ENUM_CONVERSION = YES;
				CLANG_WARN_INFINITE_RECURSION = YES;
				CLANG_WARN_INT_CONVERSION = YES;
				CLANG_WARN_NON_LITERAL_NULL_CONVERSION = YES;
				CLANG_WARN_OBJC_IMPLICIT_RETAIN_SELF = YES;
				CLANG_WARN_OBJC_LITERAL_CONVERSION = YES;
				CLANG_WARN_OBJC_ROOT_CLASS = YES_ERROR;
				CLANG_WARN_QUOTED_INCLUDE_IN_FRAMEWORK_HEADER = YES;
				CLANG_WARN_RANGE_LOOP_ANALYSIS = YES;
				CLANG_WARN_STRICT_PROTOTYPES = YES;
				CLANG_WARN_SUSPICIOUS_MOVE = YES;
				CLANG_WARN_UNGUARDED_AVAILABILITY = YES_AGGRESSIVE;
				CLANG_WARN_UNREACHABLE_CODE = YES;
				CLANG_WARN__DUPLICATE_METHOD_MATCH = YES;
				COPY_PHASE_STRIP = NO;
				DEBUG_INFORMATION_FORMAT = dwarf;
				ENABLE_STRICT_OBJC_MSGSEND = YES;
				ENABLE_TESTABILITY = YES;
				GCC_C_LANGUAGE_STANDARD = gnu11;
				GCC_DYNAMIC_NO_PIC = NO;
				GCC_NO_COMMON_BLOCKS = YES;
				GCC_OPTIMIZATION_LEVEL = 0;
				GCC_PREPROCESSOR_DEFINITIONS = (
					"DEBUG=1",
					"$(inherited)",
				);
				GCC_WARN_64_TO_32_BIT_CONVERSION = YES;
				GCC_WARN_ABOUT_RETURN_TYPE = YES_ERROR;
				GCC_WARN_UNDECLARED_SELECTOR = YES;
				GCC_WARN_UNINITIALIZED_AUTOS = YES_AGGRESSIVE;
				GCC_WARN_UNUSED_FUNCTION = YES;
				GCC_WARN_UNUSED_VARIABLE = YES;
				MTL_ENABLE_DEBUG_INFO = INCLUDE_SOURCE;
				MTL_FAST_MATH = YES;
				ONLY_ACTIVE_ARCH = YES;
				SWIFT_ACTIVE_COMPILATION_CONDITIONS = DEBUG;
				SWIFT_OPTIMIZATION_LEVEL = "-Onone";
			};
			name = Debug;
		};
		C08D3FA6274729EB00D189D3 /* Release */ = {
			isa = XCBuildConfiguration;
			buildSettings = {
				ALWAYS_SEARCH_USER_PATHS = NO;
				CLANG_ANALYZER_NONNULL = YES;
				CLANG_ANALYZER_NUMBER_OBJECT_CONVERSION = YES_AGGRESSIVE;
				CLANG_CXX_LANGUAGE_STANDARD = "gnu++17";
				CLANG_CXX_LIBRARY = "libc++";
				CLANG_ENABLE_MODULES = YES;
				CLANG_ENABLE_OBJC_ARC = YES;
				CLANG_ENABLE_OBJC_WEAK = YES;
				CLANG_WARN_BLOCK_CAPTURE_AUTORELEASING = YES;
				CLANG_WARN_BOOL_CONVERSION = YES;
				CLANG_WARN_COMMA = YES;
				CLANG_WARN_CONSTANT_CONVERSION = YES;
				CLANG_WARN_DEPRECATED_OBJC_IMPLEMENTATIONS = YES;
				CLANG_WARN_DIRECT_OBJC_ISA_USAGE = YES_ERROR;
				CLANG_WARN_DOCUMENTATION_COMMENTS = YES;
				CLANG_WARN_EMPTY_BODY = YES;
				CLANG_WARN_ENUM_CONVERSION = YES;
				CLANG_WARN_INFINITE_RECURSION = YES;
				CLANG_WARN_INT_CONVERSION = YES;
				CLANG_WARN_NON_LITERAL_NULL_CONVERSION = YES;
				CLANG_WARN_OBJC_IMPLICIT_RETAIN_SELF = YES;
				CLANG_WARN_OBJC_LITERAL_CONVERSION = YES;
				CLANG_WARN_OBJC_ROOT_CLASS = YES_ERROR;
				CLANG_WARN_QUOTED_INCLUDE_IN_FRAMEWORK_HEADER = YES;
				CLANG_WARN_RANGE_LOOP_ANALYSIS = YES;
				CLANG_WARN_STRICT_PROTOTYPES = YES;
				CLANG_WARN_SUSPICIOUS_MOVE = YES;
				CLANG_WARN_UNGUARDED_AVAILABILITY = YES_AGGRESSIVE;
				CLANG_WARN_UNREACHABLE_CODE = YES;
				CLANG_WARN__DUPLICATE_METHOD_MATCH = YES;
				COPY_PHASE_STRIP = NO;
				DEBUG_INFORMATION_FORMAT = "dwarf-with-dsym";
				ENABLE_NS_ASSERTIONS = NO;
				ENABLE_STRICT_OBJC_MSGSEND = YES;
				GCC_C_LANGUAGE_STANDARD = gnu11;
				GCC_NO_COMMON_BLOCKS = YES;
				GCC_WARN_64_TO_32_BIT_CONVERSION = YES;
				GCC_WARN_ABOUT_RETURN_TYPE = YES_ERROR;
				GCC_WARN_UNDECLARED_SELECTOR = YES;
				GCC_WARN_UNINITIALIZED_AUTOS = YES_AGGRESSIVE;
				GCC_WARN_UNUSED_FUNCTION = YES;
				GCC_WARN_UNUSED_VARIABLE = YES;
				MTL_ENABLE_DEBUG_INFO = NO;
				MTL_FAST_MATH = YES;
				SWIFT_COMPILATION_MODE = wholemodule;
				SWIFT_OPTIMIZATION_LEVEL = "-O";
			};
			name = Release;
		};
		C08D3FA8274729EB00D189D3 /* Debug */ = {
			isa = XCBuildConfiguration;
			buildSettings = {
				ASSETCATALOG_COMPILER_APPICON_NAME = AppIcon;
				ASSETCATALOG_COMPILER_GLOBAL_ACCENT_COLOR_NAME = AccentColor;
				CODE_SIGN_STYLE = Automatic;
				CURRENT_PROJECT_VERSION = 1;
				ENABLE_PREVIEWS = YES;
				GENERATE_INFOPLIST_FILE = YES;
				INFOPLIST_KEY_UIApplicationSceneManifest_Generation = YES;
				INFOPLIST_KEY_UIApplicationSupportsIndirectInputEvents = YES;
				INFOPLIST_KEY_UILaunchScreen_Generation = YES;
				INFOPLIST_KEY_UISupportedInterfaceOrientations_iPad = "UIInterfaceOrientationPortrait UIInterfaceOrientationPortraitUpsideDown UIInterfaceOrientationLandscapeLeft UIInterfaceOrientationLandscapeRight";
				INFOPLIST_KEY_UISupportedInterfaceOrientations_iPhone = "UIInterfaceOrientationPortrait UIInterfaceOrientationLandscapeLeft UIInterfaceOrientationLandscapeRight";
				IPHONEOS_DEPLOYMENT_TARGET = 15.0;
				LD_RUNPATH_SEARCH_PATHS = (
					"$(inherited)",
					"@executable_path/Frameworks",
				);
				MARKETING_VERSION = 1.0;
				PRODUCT_BUNDLE_IDENTIFIER = "io.ryancumley.rockslide.Basic-Example";
				PRODUCT_NAME = "Basic Example";
				SDKROOT = iphoneos;
				SWIFT_EMIT_LOC_STRINGS = YES;
				SWIFT_VERSION = 5.0;
				TARGETED_DEVICE_FAMILY = "1,2";
			};
			name = Debug;
		};
		C08D3FA9274729EB00D189D3 /* Release */ = {
			isa = XCBuildConfiguration;
			buildSettings = {
				ASSETCATALOG_COMPILER_APPICON_NAME = AppIcon;
				ASSETCATALOG_COMPILER_GLOBAL_ACCENT_COLOR_NAME = AccentColor;
				CODE_SIGN_STYLE = Automatic;
				CURRENT_PROJECT_VERSION = 1;
				ENABLE_PREVIEWS = YES;
				GENERATE_INFOPLIST_FILE = YES;
				INFOPLIST_KEY_UIApplicationSceneManifest_Generation = YES;
				INFOPLIST_KEY_UIApplicationSupportsIndirectInputEvents = YES;
				INFOPLIST_KEY_UILaunchScreen_Generation = YES;
				INFOPLIST_KEY_UISupportedInterfaceOrientations_iPad = "UIInterfaceOrientationPortrait UIInterfaceOrientationPortraitUpsideDown UIInterfaceOrientationLandscapeLeft UIInterfaceOrientationLandscapeRight";
				INFOPLIST_KEY_UISupportedInterfaceOrientations_iPhone = "UIInterfaceOrientationPortrait UIInterfaceOrientationLandscapeLeft UIInterfaceOrientationLandscapeRight";
				IPHONEOS_DEPLOYMENT_TARGET = 15.0;
				LD_RUNPATH_SEARCH_PATHS = (
					"$(inherited)",
					"@executable_path/Frameworks",
				);
				MARKETING_VERSION = 1.0;
				PRODUCT_BUNDLE_IDENTIFIER = "io.ryancumley.rockslide.Basic-Example";
				PRODUCT_NAME = "Basic Example";
				SDKROOT = iphoneos;
				SWIFT_EMIT_LOC_STRINGS = YES;
				SWIFT_VERSION = 5.0;
				TARGETED_DEVICE_FAMILY = "1,2";
				VALIDATE_PRODUCT = YES;
			};
			name = Release;
		};
		C08D3FAB274729EB00D189D3 /* Debug */ = {
			isa = XCBuildConfiguration;
			buildSettings = {
				ASSETCATALOG_COMPILER_APPICON_NAME = AppIcon;
				ASSETCATALOG_COMPILER_GLOBAL_ACCENT_COLOR_NAME = AccentColor;
				CODE_SIGN_ENTITLEMENTS = macOS/macOS.entitlements;
				CODE_SIGN_STYLE = Automatic;
				COMBINE_HIDPI_IMAGES = YES;
				CURRENT_PROJECT_VERSION = 1;
				ENABLE_PREVIEWS = YES;
				GENERATE_INFOPLIST_FILE = YES;
				INFOPLIST_KEY_NSHumanReadableCopyright = "";
				LD_RUNPATH_SEARCH_PATHS = (
					"$(inherited)",
					"@executable_path/../Frameworks",
				);
				MACOSX_DEPLOYMENT_TARGET = 11.0;
				MARKETING_VERSION = 1.0;
				PRODUCT_BUNDLE_IDENTIFIER = "io.ryancumley.rockslide.Basic-Example";
				PRODUCT_NAME = "Basic Example";
				SDKROOT = macosx;
				SWIFT_EMIT_LOC_STRINGS = YES;
				SWIFT_VERSION = 5.0;
			};
			name = Debug;
		};
		C08D3FAC274729EB00D189D3 /* Release */ = {
			isa = XCBuildConfiguration;
			buildSettings = {
				ASSETCATALOG_COMPILER_APPICON_NAME = AppIcon;
				ASSETCATALOG_COMPILER_GLOBAL_ACCENT_COLOR_NAME = AccentColor;
				CODE_SIGN_ENTITLEMENTS = macOS/macOS.entitlements;
				CODE_SIGN_STYLE = Automatic;
				COMBINE_HIDPI_IMAGES = YES;
				CURRENT_PROJECT_VERSION = 1;
				ENABLE_PREVIEWS = YES;
				GENERATE_INFOPLIST_FILE = YES;
				INFOPLIST_KEY_NSHumanReadableCopyright = "";
				LD_RUNPATH_SEARCH_PATHS = (
					"$(inherited)",
					"@executable_path/../Frameworks",
				);
				MACOSX_DEPLOYMENT_TARGET = 11.0;
				MARKETING_VERSION = 1.0;
				PRODUCT_BUNDLE_IDENTIFIER = "io.ryancumley.rockslide.Basic-Example";
				PRODUCT_NAME = "Basic Example";
				SDKROOT = macosx;
				SWIFT_EMIT_LOC_STRINGS = YES;
				SWIFT_VERSION = 5.0;
			};
			name = Release;
		};
/* End XCBuildConfiguration section */

/* Begin XCConfigurationList section */
		C08D3F8D274729E900D189D3 /* Build configuration list for PBXProject "Basic Example" */ = {
			isa = XCConfigurationList;
			buildConfigurations = (
				C08D3FA5274729EB00D189D3 /* Debug */,
				C08D3FA6274729EB00D189D3 /* Release */,
			);
			defaultConfigurationIsVisible = 0;
			defaultConfigurationName = Release;
		};
		C08D3FA7274729EB00D189D3 /* Build configuration list for PBXNativeTarget "Basic Example (iOS)" */ = {
			isa = XCConfigurationList;
			buildConfigurations = (
				C08D3FA8274729EB00D189D3 /* Debug */,
				C08D3FA9274729EB00D189D3 /* Release */,
			);
			defaultConfigurationIsVisible = 0;
			defaultConfigurationName = Release;
		};
		C08D3FAA274729EB00D189D3 /* Build configuration list for PBXNativeTarget "Basic Example (macOS)" */ = {
			isa = XCConfigurationList;
			buildConfigurations = (
				C08D3FAB274729EB00D189D3 /* Debug */,
				C08D3FAC274729EB00D189D3 /* Release */,
			);
			defaultConfigurationIsVisible = 0;
			defaultConfigurationName = Release;
		};
/* End XCConfigurationList section */

/* Begin XCRemoteSwiftPackageReference section */
		C08D3FB02747388200D189D3 /* XCRemoteSwiftPackageReference "rockslide" */ = {
			isa = XCRemoteSwiftPackageReference;
			repositoryURL = "https://github.com/ryancumley/rockslide";
			requirement = {
				kind = upToNextMinorVersion;
				minimumVersion = 0.9.0;
			};
		};
/* End XCRemoteSwiftPackageReference section */

/* Begin XCSwiftPackageProductDependency section */
		C08D3FB12747388200D189D3 /* rockslide */ = {
			isa = XCSwiftPackageProductDependency;
			package = C08D3FB02747388200D189D3 /* XCRemoteSwiftPackageReference "rockslide" */;
			productName = rockslide;
		};
/* End XCSwiftPackageProductDependency section */
	};
	rootObject = C08D3F8A274729E900D189D3 /* Project object */;
}
